
Microsoft Visual Studio Solution File, Format Version 12.00
# Visual Studio 15
VisualStudioVersion = 15.0.27703.2035
MinimumVisualStudioVersion = 10.0.40219.1
Project("{FAE04EC0-301F-11D3-BF4B-00C04F79EFBC}") = "CqrsDemo.Host", "CqrsDemo.Host\CqrsDemo.Host.csproj", "{1F091C34-27B7-447B-AEBF-54C2C87213E0}"
EndProject
Project("{E53339B2-1760-4266-BCC7-CA923CBCF16C}") = "docker-compose", "docker-compose.dcproj", "{B21E9D08-02CB-4287-A49F-B06A7F4DF4A5}"
EndProject
Global
	GlobalSection(SolutionConfigurationPlatforms) = preSolution
		Debug|Any CPU = Debug|Any CPU
		Release|Any CPU = Release|Any CPU
	EndGlobalSection
	GlobalSection(ProjectConfigurationPlatforms) = postSolution
		{1F091C34-27B7-447B-AEBF-54C2C87213E0}.Debug|Any CPU.ActiveCfg = Debug|Any CPU
		{1F091C34-27B7-447B-AEBF-54C2C87213E0}.Debug|Any CPU.Build.0 = Debug|Any CPU
		{1F091C34-27B7-447B-AEBF-54C2C87213E0}.Release|Any CPU.ActiveCfg = Release|Any CPU
		{1F091C34-27B7-447B-AEBF-54C2C87213E0}.Release|Any CPU.Build.0 = Release|Any CPU
		{B21E9D08-02CB-4287-A49F-B06A7F4DF4A5}.Debug|Any CPU.ActiveCfg = Debug|Any CPU
		{B21E9D08-02CB-4287-A49F-B06A7F4DF4A5}.Debug|Any CPU.Build.0 = Debug|Any CPU
		{B21E9D08-02CB-4287-A49F-B06A7F4DF4A5}.Release|Any CPU.ActiveCfg = Release|Any CPU
		{B21E9D08-02CB-4287-A49F-B06A7F4DF4A5}.Release|Any CPU.Build.0 = Release|Any CPU
	EndGlobalSection
	GlobalSection(SolutionProperties) = preSolution
		HideSolutionNode = FALSE
	EndGlobalSection
	GlobalSection(ExtensibilityGlobals) = postSolution
		SolutionGuid = {7D93FE90-FDFB-4215-B023-6EFF77185DF4}
	EndGlobalSection
EndGlobal
